
Microsoft Visual Studio Solution File, Format Version 12.00
# Visual Studio Version 17
VisualStudioVersion = 17.3.32929.385
MinimumVisualStudioVersion = 10.0.40219.1
Project("{FAE04EC0-301F-11D3-BF4B-00C04F79EFBC}") = "TesteWebCrawler", "TesteWebCrawler\TesteWebCrawler.csproj", "{59BEDCFE-E268-43AC-9219-AD8829A364A4}"
EndProject
Global
	GlobalSection(SolutionConfigurationPlatforms) = preSolution
		Debug|Any CPU = Debug|Any CPU
		Release|Any CPU = Release|Any CPU
	EndGlobalSection
	GlobalSection(ProjectConfigurationPlatforms) = postSolution
		{59BEDCFE-E268-43AC-9219-AD8829A364A4}.Debug|Any CPU.ActiveCfg = Debug|Any CPU
		{59BEDCFE-E268-43AC-9219-AD8829A364A4}.Debug|Any CPU.Build.0 = Debug|Any CPU
		{59BEDCFE-E268-43AC-9219-AD8829A364A4}.Release|Any CPU.ActiveCfg = Release|Any CPU
		{59BEDCFE-E268-43AC-9219-AD8829A364A4}.Release|Any CPU.Build.0 = Release|Any CPU
	EndGlobalSection
	GlobalSection(SolutionProperties) = preSolution
		HideSolutionNode = FALSE
	EndGlobalSection
	GlobalSection(ExtensibilityGlobals) = postSolution
		SolutionGuid = {F5362D8C-B919-4EFA-ABF5-C6939881ACD1}
	EndGlobalSection
EndGlobal
